
Microsoft Visual Studio Solution File, Format Version 12.00
# Visual Studio Version 17
VisualStudioVersion = 17.7.34031.279
MinimumVisualStudioVersion = 10.0.40219.1
Project("{FAE04EC0-301F-11D3-BF4B-00C04F79EFBC}") = "Builder", "Builder.csproj", "{E6AD0E14-AFDC-4637-9CF5-34D0088E6B79}"
EndProject
Global
	GlobalSection(SolutionConfigurationPlatforms) = preSolution
		Debug|Any CPU = Debug|Any CPU
		Release|Any CPU = Release|Any CPU
	EndGlobalSection
	GlobalSection(ProjectConfigurationPlatforms) = postSolution
		{E6AD0E14-AFDC-4637-9CF5-34D0088E6B79}.Debug|Any CPU.ActiveCfg = Debug|Any CPU
		{E6AD0E14-AFDC-4637-9CF5-34D0088E6B79}.Debug|Any CPU.Build.0 = Debug|Any CPU
		{E6AD0E14-AFDC-4637-9CF5-34D0088E6B79}.Release|Any CPU.ActiveCfg = Release|Any CPU
		{E6AD0E14-AFDC-4637-9CF5-34D0088E6B79}.Release|Any CPU.Build.0 = Release|Any CPU
	EndGlobalSection
	GlobalSection(SolutionProperties) = preSolution
		HideSolutionNode = FALSE
	EndGlobalSection
	GlobalSection(ExtensibilityGlobals) = postSolution
		SolutionGuid = {BD41958F-D2C0-464C-AA74-D3E8C8C22A93}
	EndGlobalSection
EndGlobal
