
Microsoft Visual Studio Solution File, Format Version 12.00
# Visual Studio Version 17
VisualStudioVersion = 17.11.35312.102
MinimumVisualStudioVersion = 10.0.40219.1
Project("{FAE04EC0-301F-11D3-BF4B-00C04F79EFBC}") = "Singleton", "Singleton\Singleton.csproj", "{17112FDC-724E-4019-8CDB-B5BE91D6524E}"
EndProject
Global
	GlobalSection(SolutionConfigurationPlatforms) = preSolution
		Debug|Any CPU = Debug|Any CPU
		Release|Any CPU = Release|Any CPU
	EndGlobalSection
	GlobalSection(ProjectConfigurationPlatforms) = postSolution
		{17112FDC-724E-4019-8CDB-B5BE91D6524E}.Debug|Any CPU.ActiveCfg = Debug|Any CPU
		{17112FDC-724E-4019-8CDB-B5BE91D6524E}.Debug|Any CPU.Build.0 = Debug|Any CPU
		{17112FDC-724E-4019-8CDB-B5BE91D6524E}.Release|Any CPU.ActiveCfg = Release|Any CPU
		{17112FDC-724E-4019-8CDB-B5BE91D6524E}.Release|Any CPU.Build.0 = Release|Any CPU
	EndGlobalSection
	GlobalSection(SolutionProperties) = preSolution
		HideSolutionNode = FALSE
	EndGlobalSection
	GlobalSection(ExtensibilityGlobals) = postSolution
		SolutionGuid = {C73BCE08-1430-4211-85EA-08954A809E21}
	EndGlobalSection
EndGlobal
